
Microsoft Visual Studio Solution File, Format Version 12.00
# Visual Studio Version 16
VisualStudioVersion = 16.0.28803.156
MinimumVisualStudioVersion = 10.0.40219.1
Project("{9A19103F-16F7-4668-BE54-9A1E7A4F7556}") = "eAmuseCore", "eAmuseCore\eAmuseCore.csproj", "{016891F1-140A-4DDF-B036-BDFAF98D4414}"
EndProject
Project("{FAE04EC0-301F-11D3-BF4B-00C04F79EFBC}") = "eAmuseTest", "eAmuseTest\eAmuseTest.csproj", "{0BB29C0C-2ED9-4D1A-BD03-908BEAAD463C}"
EndProject
Global
	GlobalSection(SolutionConfigurationPlatforms) = preSolution
		Debug|Any CPU = Debug|Any CPU
		Release|Any CPU = Release|Any CPU
	EndGlobalSection
	GlobalSection(ProjectConfigurationPlatforms) = postSolution
		{016891F1-140A-4DDF-B036-BDFAF98D4414}.Debug|Any CPU.ActiveCfg = Debug|Any CPU
		{016891F1-140A-4DDF-B036-BDFAF98D4414}.Debug|Any CPU.Build.0 = Debug|Any CPU
		{016891F1-140A-4DDF-B036-BDFAF98D4414}.Release|Any CPU.ActiveCfg = Release|Any CPU
		{016891F1-140A-4DDF-B036-BDFAF98D4414}.Release|Any CPU.Build.0 = Release|Any CPU
		{0BB29C0C-2ED9-4D1A-BD03-908BEAAD463C}.Debug|Any CPU.ActiveCfg = Debug|Any CPU
		{0BB29C0C-2ED9-4D1A-BD03-908BEAAD463C}.Debug|Any CPU.Build.0 = Debug|Any CPU
		{0BB29C0C-2ED9-4D1A-BD03-908BEAAD463C}.Release|Any CPU.ActiveCfg = Release|Any CPU
		{0BB29C0C-2ED9-4D1A-BD03-908BEAAD463C}.Release|Any CPU.Build.0 = Release|Any CPU
	EndGlobalSection
	GlobalSection(SolutionProperties) = preSolution
		HideSolutionNode = FALSE
	EndGlobalSection
	GlobalSection(ExtensibilityGlobals) = postSolution
		SolutionGuid = {5060C3AB-087C-41A8-96FF-CFB9AA8011B7}
	EndGlobalSection
EndGlobal
